
Microsoft Visual Studio Solution File, Format Version 12.00
# Visual Studio 15
VisualStudioVersion = 15.0.28307.1259
MinimumVisualStudioVersion = 10.0.40219.1
Project("{FAE04EC0-301F-11D3-BF4B-00C04F79EFBC}") = "GUI___Multi_From_and_Panel", "GUI___Multi_From_and_Panel.csproj", "{1E0F2055-B480-4BE3-8301-1E89899AA4BD}"
EndProject
Project("{FAE04EC0-301F-11D3-BF4B-00C04F79EFBC}") = "JustRipeFarmUnitTest", "..\JustRipeFarmUnitTest\JustRipeFarmUnitTest.csproj", "{428FD608-78BE-45BF-93FD-0EC75427F426}"
EndProject
Global
	GlobalSection(SolutionConfigurationPlatforms) = preSolution
		Debug|Any CPU = Debug|Any CPU
		Release|Any CPU = Release|Any CPU
	EndGlobalSection
	GlobalSection(ProjectConfigurationPlatforms) = postSolution
		{1E0F2055-B480-4BE3-8301-1E89899AA4BD}.Debug|Any CPU.ActiveCfg = Debug|Any CPU
		{1E0F2055-B480-4BE3-8301-1E89899AA4BD}.Debug|Any CPU.Build.0 = Debug|Any CPU
		{1E0F2055-B480-4BE3-8301-1E89899AA4BD}.Release|Any CPU.ActiveCfg = Release|Any CPU
		{1E0F2055-B480-4BE3-8301-1E89899AA4BD}.Release|Any CPU.Build.0 = Release|Any CPU
		{428FD608-78BE-45BF-93FD-0EC75427F426}.Debug|Any CPU.ActiveCfg = Debug|Any CPU
		{428FD608-78BE-45BF-93FD-0EC75427F426}.Debug|Any CPU.Build.0 = Debug|Any CPU
		{428FD608-78BE-45BF-93FD-0EC75427F426}.Release|Any CPU.ActiveCfg = Release|Any CPU
		{428FD608-78BE-45BF-93FD-0EC75427F426}.Release|Any CPU.Build.0 = Release|Any CPU
	EndGlobalSection
	GlobalSection(SolutionProperties) = preSolution
		HideSolutionNode = FALSE
	EndGlobalSection
	GlobalSection(ExtensibilityGlobals) = postSolution
		SolutionGuid = {B2A97163-FA65-4594-A726-5E33C2B67A9D}
	EndGlobalSection
EndGlobal
